
Microsoft Visual Studio Solution File, Format Version 12.00
# Visual Studio Version 16
VisualStudioVersion = 16.0.29020.237
MinimumVisualStudioVersion = 10.0.40219.1
Project("{FAE04EC0-301F-11D3-BF4B-00C04F79EFBC}") = "Ego.Console", "Ego.Console\Ego.Console.csproj", "{478E1D6B-70E8-44D5-BEEA-68C9087BE282}"
EndProject
Project("{FAE04EC0-301F-11D3-BF4B-00C04F79EFBC}") = "Ego.Domain", "Ego.Domain\Ego.Domain.csproj", "{6557CBD7-EA0B-4962-B418-B415924A0732}"
EndProject
Project("{FAE04EC0-301F-11D3-BF4B-00C04F79EFBC}") = "Ego.Repositories", "Ego.Repositories\Ego.Repositories.csproj", "{38828B91-4293-4839-838B-7D69A887B7CE}"
EndProject
Project("{FAE04EC0-301F-11D3-BF4B-00C04F79EFBC}") = "Ego.Infrastructure", "Ego.Infrastructure\Ego.Infrastructure.csproj", "{6C651E9D-2385-4FA3-98BF-0C6255A875DE}"
EndProject
Project("{2150E333-8FDC-42A3-9474-1A3956D46DE8}") = "01 Apps", "01 Apps", "{706E6E4F-8C7B-4DF2-B269-CA6705D430EB}"
EndProject
Project("{2150E333-8FDC-42A3-9474-1A3956D46DE8}") = "02 Service", "02 Service", "{14A5EE44-3287-41A5-8032-209819D995A1}"
EndProject
Project("{2150E333-8FDC-42A3-9474-1A3956D46DE8}") = "03 Domain", "03 Domain", "{D0A46C2F-3A78-4351-AB56-90758DF96347}"
EndProject
Project("{2150E333-8FDC-42A3-9474-1A3956D46DE8}") = "04 Infrastructure", "04 Infrastructure", "{7BBEAC10-872B-416B-9503-574E8F6A6935}"
EndProject
Project("{FAE04EC0-301F-11D3-BF4B-00C04F79EFBC}") = "Ego.Events", "Ego.Event\Ego.Events.csproj", "{523E6EA2-05BB-4EE1-9E24-4D1782BC455A}"
EndProject
Project("{FAE04EC0-301F-11D3-BF4B-00C04F79EFBC}") = "Ego.ValueObjects", "Ego.ValueObjects\Ego.ValueObjects.csproj", "{28536A41-2BA6-4693-A785-B60F7FD91857}"
EndProject
Global
	GlobalSection(SolutionConfigurationPlatforms) = preSolution
		Debug|Any CPU = Debug|Any CPU
		Release|Any CPU = Release|Any CPU
	EndGlobalSection
	GlobalSection(ProjectConfigurationPlatforms) = postSolution
		{478E1D6B-70E8-44D5-BEEA-68C9087BE282}.Debug|Any CPU.ActiveCfg = Debug|Any CPU
		{478E1D6B-70E8-44D5-BEEA-68C9087BE282}.Debug|Any CPU.Build.0 = Debug|Any CPU
		{478E1D6B-70E8-44D5-BEEA-68C9087BE282}.Release|Any CPU.ActiveCfg = Release|Any CPU
		{478E1D6B-70E8-44D5-BEEA-68C9087BE282}.Release|Any CPU.Build.0 = Release|Any CPU
		{6557CBD7-EA0B-4962-B418-B415924A0732}.Debug|Any CPU.ActiveCfg = Debug|Any CPU
		{6557CBD7-EA0B-4962-B418-B415924A0732}.Debug|Any CPU.Build.0 = Debug|Any CPU
		{6557CBD7-EA0B-4962-B418-B415924A0732}.Release|Any CPU.ActiveCfg = Release|Any CPU
		{6557CBD7-EA0B-4962-B418-B415924A0732}.Release|Any CPU.Build.0 = Release|Any CPU
		{38828B91-4293-4839-838B-7D69A887B7CE}.Debug|Any CPU.ActiveCfg = Debug|Any CPU
		{38828B91-4293-4839-838B-7D69A887B7CE}.Debug|Any CPU.Build.0 = Debug|Any CPU
		{38828B91-4293-4839-838B-7D69A887B7CE}.Release|Any CPU.ActiveCfg = Release|Any CPU
		{38828B91-4293-4839-838B-7D69A887B7CE}.Release|Any CPU.Build.0 = Release|Any CPU
		{6C651E9D-2385-4FA3-98BF-0C6255A875DE}.Debug|Any CPU.ActiveCfg = Debug|Any CPU
		{6C651E9D-2385-4FA3-98BF-0C6255A875DE}.Debug|Any CPU.Build.0 = Debug|Any CPU
		{6C651E9D-2385-4FA3-98BF-0C6255A875DE}.Release|Any CPU.ActiveCfg = Release|Any CPU
		{6C651E9D-2385-4FA3-98BF-0C6255A875DE}.Release|Any CPU.Build.0 = Release|Any CPU
		{523E6EA2-05BB-4EE1-9E24-4D1782BC455A}.Debug|Any CPU.ActiveCfg = Debug|Any CPU
		{523E6EA2-05BB-4EE1-9E24-4D1782BC455A}.Debug|Any CPU.Build.0 = Debug|Any CPU
		{523E6EA2-05BB-4EE1-9E24-4D1782BC455A}.Release|Any CPU.ActiveCfg = Release|Any CPU
		{523E6EA2-05BB-4EE1-9E24-4D1782BC455A}.Release|Any CPU.Build.0 = Release|Any CPU
		{28536A41-2BA6-4693-A785-B60F7FD91857}.Debug|Any CPU.ActiveCfg = Debug|Any CPU
		{28536A41-2BA6-4693-A785-B60F7FD91857}.Debug|Any CPU.Build.0 = Debug|Any CPU
		{28536A41-2BA6-4693-A785-B60F7FD91857}.Release|Any CPU.ActiveCfg = Release|Any CPU
		{28536A41-2BA6-4693-A785-B60F7FD91857}.Release|Any CPU.Build.0 = Release|Any CPU
	EndGlobalSection
	GlobalSection(SolutionProperties) = preSolution
		HideSolutionNode = FALSE
	EndGlobalSection
	GlobalSection(NestedProjects) = preSolution
		{478E1D6B-70E8-44D5-BEEA-68C9087BE282} = {706E6E4F-8C7B-4DF2-B269-CA6705D430EB}
		{6557CBD7-EA0B-4962-B418-B415924A0732} = {D0A46C2F-3A78-4351-AB56-90758DF96347}
		{38828B91-4293-4839-838B-7D69A887B7CE} = {D0A46C2F-3A78-4351-AB56-90758DF96347}
		{6C651E9D-2385-4FA3-98BF-0C6255A875DE} = {7BBEAC10-872B-416B-9503-574E8F6A6935}
		{523E6EA2-05BB-4EE1-9E24-4D1782BC455A} = {D0A46C2F-3A78-4351-AB56-90758DF96347}
		{28536A41-2BA6-4693-A785-B60F7FD91857} = {D0A46C2F-3A78-4351-AB56-90758DF96347}
	EndGlobalSection
	GlobalSection(ExtensibilityGlobals) = postSolution
		SolutionGuid = {674A39B2-0802-4109-ABD1-AD6109BC296C}
	EndGlobalSection
EndGlobal
