
Microsoft Visual Studio Solution File, Format Version 12.00
# Visual Studio Version 16
VisualStudioVersion = 16.0.29020.237
MinimumVisualStudioVersion = 10.0.40219.1
Project("{FAE04EC0-301F-11D3-BF4B-00C04F79EFBC}") = "Ego.ConsoleApp", "Ego.Console\Ego.ConsoleApp.csproj", "{478E1D6B-70E8-44D5-BEEA-68C9087BE282}"
EndProject
Project("{FAE04EC0-301F-11D3-BF4B-00C04F79EFBC}") = "Ego.Domain", "Ego.Domain\Ego.Domain.csproj", "{6557CBD7-EA0B-4962-B418-B415924A0732}"
EndProject
Project("{FAE04EC0-301F-11D3-BF4B-00C04F79EFBC}") = "Ego.Infrastructure", "Ego.Infrastructure\Ego.Infrastructure.csproj", "{6C651E9D-2385-4FA3-98BF-0C6255A875DE}"
EndProject
Project("{FAE04EC0-301F-11D3-BF4B-00C04F79EFBC}") = "Ego.Domain.Repositories", "Ego.Domain.Repositories\Ego.Domain.Repositories.csproj", "{38828B91-4293-4839-838B-7D69A887B7CE}"
EndProject
Global
	GlobalSection(SolutionConfigurationPlatforms) = preSolution
		Debug|Any CPU = Debug|Any CPU
		Release|Any CPU = Release|Any CPU
	EndGlobalSection
	GlobalSection(ProjectConfigurationPlatforms) = postSolution
		{478E1D6B-70E8-44D5-BEEA-68C9087BE282}.Debug|Any CPU.ActiveCfg = Debug|Any CPU
		{478E1D6B-70E8-44D5-BEEA-68C9087BE282}.Debug|Any CPU.Build.0 = Debug|Any CPU
		{478E1D6B-70E8-44D5-BEEA-68C9087BE282}.Release|Any CPU.ActiveCfg = Release|Any CPU
		{478E1D6B-70E8-44D5-BEEA-68C9087BE282}.Release|Any CPU.Build.0 = Release|Any CPU
		{6557CBD7-EA0B-4962-B418-B415924A0732}.Debug|Any CPU.ActiveCfg = Debug|Any CPU
		{6557CBD7-EA0B-4962-B418-B415924A0732}.Debug|Any CPU.Build.0 = Debug|Any CPU
		{6557CBD7-EA0B-4962-B418-B415924A0732}.Release|Any CPU.ActiveCfg = Release|Any CPU
		{6557CBD7-EA0B-4962-B418-B415924A0732}.Release|Any CPU.Build.0 = Release|Any CPU
		{6C651E9D-2385-4FA3-98BF-0C6255A875DE}.Debug|Any CPU.ActiveCfg = Debug|Any CPU
		{6C651E9D-2385-4FA3-98BF-0C6255A875DE}.Debug|Any CPU.Build.0 = Debug|Any CPU
		{6C651E9D-2385-4FA3-98BF-0C6255A875DE}.Release|Any CPU.ActiveCfg = Release|Any CPU
		{6C651E9D-2385-4FA3-98BF-0C6255A875DE}.Release|Any CPU.Build.0 = Release|Any CPU
		{38828B91-4293-4839-838B-7D69A887B7CE}.Debug|Any CPU.ActiveCfg = Debug|Any CPU
		{38828B91-4293-4839-838B-7D69A887B7CE}.Debug|Any CPU.Build.0 = Debug|Any CPU
		{38828B91-4293-4839-838B-7D69A887B7CE}.Release|Any CPU.ActiveCfg = Release|Any CPU
		{38828B91-4293-4839-838B-7D69A887B7CE}.Release|Any CPU.Build.0 = Release|Any CPU
	EndGlobalSection
	GlobalSection(SolutionProperties) = preSolution
		HideSolutionNode = FALSE
	EndGlobalSection
	GlobalSection(ExtensibilityGlobals) = postSolution
		SolutionGuid = {674A39B2-0802-4109-ABD1-AD6109BC296C}
	EndGlobalSection
EndGlobal
